
Microsoft Visual Studio Solution File, Format Version 12.00
# Visual Studio Version 17
VisualStudioVersion = 17.13.35828.75
MinimumVisualStudioVersion = 10.0.40219.1
Project("{FAE04EC0-301F-11D3-BF4B-00C04F79EFBC}") = "GlobalCache", "GlobalCache.csproj", "{702151EB-3DF4-46E6-8F66-79ED416063C9}"
EndProject
Project("{FAE04EC0-301F-11D3-BF4B-00C04F79EFBC}") = "ConsoleApp", "..\ConsoleApp\ConsoleApp.csproj", "{E6B64717-9EAA-4A97-95E2-0278DAF4F8C9}"
EndProject
Global
	GlobalSection(SolutionConfigurationPlatforms) = preSolution
		Debug|Any CPU = Debug|Any CPU
		Release|Any CPU = Release|Any CPU
	EndGlobalSection
	GlobalSection(ProjectConfigurationPlatforms) = postSolution
		{702151EB-3DF4-46E6-8F66-79ED416063C9}.Debug|Any CPU.ActiveCfg = Debug|Any CPU
		{702151EB-3DF4-46E6-8F66-79ED416063C9}.Debug|Any CPU.Build.0 = Debug|Any CPU
		{702151EB-3DF4-46E6-8F66-79ED416063C9}.Release|Any CPU.ActiveCfg = Release|Any CPU
		{702151EB-3DF4-46E6-8F66-79ED416063C9}.Release|Any CPU.Build.0 = Release|Any CPU
		{E6B64717-9EAA-4A97-95E2-0278DAF4F8C9}.Debug|Any CPU.ActiveCfg = Debug|Any CPU
		{E6B64717-9EAA-4A97-95E2-0278DAF4F8C9}.Debug|Any CPU.Build.0 = Debug|Any CPU
		{E6B64717-9EAA-4A97-95E2-0278DAF4F8C9}.Release|Any CPU.ActiveCfg = Release|Any CPU
		{E6B64717-9EAA-4A97-95E2-0278DAF4F8C9}.Release|Any CPU.Build.0 = Release|Any CPU
	EndGlobalSection
	GlobalSection(SolutionProperties) = preSolution
		HideSolutionNode = FALSE
	EndGlobalSection
	GlobalSection(ExtensibilityGlobals) = postSolution
		SolutionGuid = {3A3C3ABA-31B0-4F41-997E-3665DDA7300B}
	EndGlobalSection
EndGlobal
